
Microsoft Visual Studio Solution File, Format Version 12.00
# Visual Studio Version 17
VisualStudioVersion = 17.4.33110.190
MinimumVisualStudioVersion = 10.0.40219.1
Project("{FAE04EC0-301F-11D3-BF4B-00C04F79EFBC}") = "maxim3", "maxim3.csproj", "{E7E0F5E4-2A02-47D3-817A-BDFD6C1D0981}"
EndProject
Global
	GlobalSection(SolutionConfigurationPlatforms) = preSolution
		Debug|Any CPU = Debug|Any CPU
		Release|Any CPU = Release|Any CPU
	EndGlobalSection
	GlobalSection(ProjectConfigurationPlatforms) = postSolution
		{E7E0F5E4-2A02-47D3-817A-BDFD6C1D0981}.Debug|Any CPU.ActiveCfg = Debug|Any CPU
		{E7E0F5E4-2A02-47D3-817A-BDFD6C1D0981}.Debug|Any CPU.Build.0 = Debug|Any CPU
		{E7E0F5E4-2A02-47D3-817A-BDFD6C1D0981}.Release|Any CPU.ActiveCfg = Release|Any CPU
		{E7E0F5E4-2A02-47D3-817A-BDFD6C1D0981}.Release|Any CPU.Build.0 = Release|Any CPU
	EndGlobalSection
	GlobalSection(SolutionProperties) = preSolution
		HideSolutionNode = FALSE
	EndGlobalSection
	GlobalSection(ExtensibilityGlobals) = postSolution
		SolutionGuid = {973830E7-0E80-4283-9C47-851781F20AB0}
	EndGlobalSection
EndGlobal
