
Microsoft Visual Studio Solution File, Format Version 12.00
# Visual Studio Version 17
VisualStudioVersion = 17.4.33110.190
MinimumVisualStudioVersion = 10.0.40219.1
Project("{FAE04EC0-301F-11D3-BF4B-00C04F79EFBC}") = "6maxim", "6maxim.csproj", "{672DDB65-969A-457B-A1D4-77705439A836}"
EndProject
Global
	GlobalSection(SolutionConfigurationPlatforms) = preSolution
		Debug|Any CPU = Debug|Any CPU
		Release|Any CPU = Release|Any CPU
	EndGlobalSection
	GlobalSection(ProjectConfigurationPlatforms) = postSolution
		{672DDB65-969A-457B-A1D4-77705439A836}.Debug|Any CPU.ActiveCfg = Debug|Any CPU
		{672DDB65-969A-457B-A1D4-77705439A836}.Debug|Any CPU.Build.0 = Debug|Any CPU
		{672DDB65-969A-457B-A1D4-77705439A836}.Release|Any CPU.ActiveCfg = Release|Any CPU
		{672DDB65-969A-457B-A1D4-77705439A836}.Release|Any CPU.Build.0 = Release|Any CPU
	EndGlobalSection
	GlobalSection(SolutionProperties) = preSolution
		HideSolutionNode = FALSE
	EndGlobalSection
	GlobalSection(ExtensibilityGlobals) = postSolution
		SolutionGuid = {5306401B-2965-4B56-9021-1DD9B8898754}
	EndGlobalSection
EndGlobal
